
Microsoft Visual Studio Solution File, Format Version 12.00
# Visual Studio Version 17
VisualStudioVersion = 17.9.34714.143
MinimumVisualStudioVersion = 10.0.40219.1
Project("{FAE04EC0-301F-11D3-BF4B-00C04F79EFBC}") = "SimpleTaskManager.API", "SimpleTaskManager.API\SimpleTaskManager.API.csproj", "{0F2636C9-E0EB-4C59-B6C3-FBB86DF5069B}"
EndProject
Project("{FAE04EC0-301F-11D3-BF4B-00C04F79EFBC}") = "SimpleTaskManager.Communication", "SimpleTaskManager.Communication\SimpleTaskManager.Communication.csproj", "{A34468C0-77C5-44F3-B231-825DA17EED71}"
EndProject
Project("{FAE04EC0-301F-11D3-BF4B-00C04F79EFBC}") = "SimpleTaskManager.Application", "SimpleTaskManager.Application\SimpleTaskManager.Application.csproj", "{C964B0A0-CC86-4847-B79F-557F130B73D5}"
EndProject
Global
	GlobalSection(SolutionConfigurationPlatforms) = preSolution
		Debug|Any CPU = Debug|Any CPU
		Release|Any CPU = Release|Any CPU
	EndGlobalSection
	GlobalSection(ProjectConfigurationPlatforms) = postSolution
		{0F2636C9-E0EB-4C59-B6C3-FBB86DF5069B}.Debug|Any CPU.ActiveCfg = Debug|Any CPU
		{0F2636C9-E0EB-4C59-B6C3-FBB86DF5069B}.Debug|Any CPU.Build.0 = Debug|Any CPU
		{0F2636C9-E0EB-4C59-B6C3-FBB86DF5069B}.Release|Any CPU.ActiveCfg = Release|Any CPU
		{0F2636C9-E0EB-4C59-B6C3-FBB86DF5069B}.Release|Any CPU.Build.0 = Release|Any CPU
		{A34468C0-77C5-44F3-B231-825DA17EED71}.Debug|Any CPU.ActiveCfg = Debug|Any CPU
		{A34468C0-77C5-44F3-B231-825DA17EED71}.Debug|Any CPU.Build.0 = Debug|Any CPU
		{A34468C0-77C5-44F3-B231-825DA17EED71}.Release|Any CPU.ActiveCfg = Release|Any CPU
		{A34468C0-77C5-44F3-B231-825DA17EED71}.Release|Any CPU.Build.0 = Release|Any CPU
		{C964B0A0-CC86-4847-B79F-557F130B73D5}.Debug|Any CPU.ActiveCfg = Debug|Any CPU
		{C964B0A0-CC86-4847-B79F-557F130B73D5}.Debug|Any CPU.Build.0 = Debug|Any CPU
		{C964B0A0-CC86-4847-B79F-557F130B73D5}.Release|Any CPU.ActiveCfg = Release|Any CPU
		{C964B0A0-CC86-4847-B79F-557F130B73D5}.Release|Any CPU.Build.0 = Release|Any CPU
	EndGlobalSection
	GlobalSection(SolutionProperties) = preSolution
		HideSolutionNode = FALSE
	EndGlobalSection
	GlobalSection(ExtensibilityGlobals) = postSolution
		SolutionGuid = {AE0E961E-DA7F-48E1-A5CB-47C48BCABE55}
	EndGlobalSection
EndGlobal
